
Microsoft Visual Studio Solution File, Format Version 12.00
# Visual Studio Version 16
VisualStudioVersion = 16.0.32413.511
MinimumVisualStudioVersion = 10.0.40219.1
Project("{FAE04EC0-301F-11D3-BF4B-00C04F79EFBC}") = "xadrez_console", "xadrez_console\xadrez_console.csproj", "{5B800FBD-B4BC-4365-A5B0-105F8AE8EC0E}"
EndProject
Global
	GlobalSection(SolutionConfigurationPlatforms) = preSolution
		Debug|Any CPU = Debug|Any CPU
		Release|Any CPU = Release|Any CPU
	EndGlobalSection
	GlobalSection(ProjectConfigurationPlatforms) = postSolution
		{5B800FBD-B4BC-4365-A5B0-105F8AE8EC0E}.Debug|Any CPU.ActiveCfg = Debug|Any CPU
		{5B800FBD-B4BC-4365-A5B0-105F8AE8EC0E}.Debug|Any CPU.Build.0 = Debug|Any CPU
		{5B800FBD-B4BC-4365-A5B0-105F8AE8EC0E}.Release|Any CPU.ActiveCfg = Release|Any CPU
		{5B800FBD-B4BC-4365-A5B0-105F8AE8EC0E}.Release|Any CPU.Build.0 = Release|Any CPU
	EndGlobalSection
	GlobalSection(SolutionProperties) = preSolution
		HideSolutionNode = FALSE
	EndGlobalSection
	GlobalSection(ExtensibilityGlobals) = postSolution
		SolutionGuid = {4412B4C6-5211-4012-9860-68B141268440}
	EndGlobalSection
EndGlobal
